
Microsoft Visual Studio Solution File, Format Version 12.00
# Visual Studio 15
VisualStudioVersion = 15.0.28010.2036
MinimumVisualStudioVersion = 10.0.40219.1
Project("{E24C65DC-7377-472B-9ABA-BC803B73C61A}") = "wsqwe", "wsqwe\", "{CA4DA631-77CD-491D-9BF0-591BA10A1233}"
	ProjectSection(WebsiteProperties) = preProject
		TargetFrameworkMoniker = ".NETFramework,Version%3Dv4.6.1"
		Debug.AspNetCompiler.VirtualPath = "/localhost_60800"
		Debug.AspNetCompiler.PhysicalPath = "wsqwe\"
		Debug.AspNetCompiler.TargetPath = "PrecompiledWeb\localhost_60800\"
		Debug.AspNetCompiler.Updateable = "true"
		Debug.AspNetCompiler.ForceOverwrite = "true"
		Debug.AspNetCompiler.FixedNames = "false"
		Debug.AspNetCompiler.Debug = "True"
		Release.AspNetCompiler.VirtualPath = "/localhost_60800"
		Release.AspNetCompiler.PhysicalPath = "wsqwe\"
		Release.AspNetCompiler.TargetPath = "PrecompiledWeb\localhost_60800\"
		Release.AspNetCompiler.Updateable = "true"
		Release.AspNetCompiler.ForceOverwrite = "true"
		Release.AspNetCompiler.FixedNames = "false"
		Release.AspNetCompiler.Debug = "False"
		VWDPort = "60800"
		SlnRelativePath = "wsqwe\"
		DefaultWebSiteLanguage = "Visual C#"
	EndProjectSection
EndProject
Global
	GlobalSection(SolutionConfigurationPlatforms) = preSolution
		Debug|Any CPU = Debug|Any CPU
	EndGlobalSection
	GlobalSection(ProjectConfigurationPlatforms) = postSolution
		{CA4DA631-77CD-491D-9BF0-591BA10A1233}.Debug|Any CPU.ActiveCfg = Debug|Any CPU
		{CA4DA631-77CD-491D-9BF0-591BA10A1233}.Debug|Any CPU.Build.0 = Debug|Any CPU
	EndGlobalSection
	GlobalSection(SolutionProperties) = preSolution
		HideSolutionNode = FALSE
	EndGlobalSection
	GlobalSection(ExtensibilityGlobals) = postSolution
		SolutionGuid = {6C1682E2-850B-44E2-91AF-CC1ACD04B83A}
	EndGlobalSection
EndGlobal
